// !$*UTF8*$!
{
	archiveVersion = 1;
	classes = {
	};
	objectVersion = 51;
	objects = {

/* Begin PBXBuildFile section */
		1E3F43096DC5EADA8896920A /* Pods_marvel_app_swiftuiTests.framework in Frameworks */ = {isa = PBXBuildFile; fileRef = 2844E81979DFF9F5A81E0C19 /* Pods_marvel_app_swiftuiTests.framework */; };
		97BED4F9FCC05DBA3929A1BC /* Pods_marvel_app_swiftui.framework in Frameworks */ = {isa = PBXBuildFile; fileRef = B021586AA8F433997B291DC4 /* Pods_marvel_app_swiftui.framework */; };
		DB0CC8EA276CD94100669857 /* InfiniteScrollView.swift in Sources */ = {isa = PBXBuildFile; fileRef = DB0CC8E9276CD94100669857 /* InfiniteScrollView.swift */; };
		DB2A2E35276DF31200ADA2F8 /* AsyncImageView.swift in Sources */ = {isa = PBXBuildFile; fileRef = DB2A2E34276DF31200ADA2F8 /* AsyncImageView.swift */; };
		DB2A2E37276DFAAD00ADA2F8 /* FontModifier.swift in Sources */ = {isa = PBXBuildFile; fileRef = DB2A2E36276DFAAD00ADA2F8 /* FontModifier.swift */; };
		DB2A2E3A276E13D600ADA2F8 /* SplashView.swift in Sources */ = {isa = PBXBuildFile; fileRef = DB2A2E39276E13D600ADA2F8 /* SplashView.swift */; };
		DB2A2E3C276E171600ADA2F8 /* LottieView.swift in Sources */ = {isa = PBXBuildFile; fileRef = DB2A2E3B276E171600ADA2F8 /* LottieView.swift */; };
		DB2CAD75276B685C00723B95 /* ImageLoaderView.swift in Sources */ = {isa = PBXBuildFile; fileRef = DB2CAD74276B685B00723B95 /* ImageLoaderView.swift */; };
		DB2CAD77276B72F600723B95 /* MarvelDetailView.swift in Sources */ = {isa = PBXBuildFile; fileRef = DB2CAD76276B72F600723B95 /* MarvelDetailView.swift */; };
		DB2CAD79276B7CC900723B95 /* ScrollViewOffset.swift in Sources */ = {isa = PBXBuildFile; fileRef = DB2CAD78276B7CC900723B95 /* ScrollViewOffset.swift */; };
		DB4CCB2E267F5173007C3CF8 /* marvel_app_swiftuiApp.swift in Sources */ = {isa = PBXBuildFile; fileRef = DB4CCB2D267F5173007C3CF8 /* marvel_app_swiftuiApp.swift */; };
		DB4CCB30267F5173007C3CF8 /* ContentView.swift in Sources */ = {isa = PBXBuildFile; fileRef = DB4CCB2F267F5173007C3CF8 /* ContentView.swift */; };
		DB4CCB35267F5175007C3CF8 /* Preview Assets.xcassets in Resources */ = {isa = PBXBuildFile; fileRef = DB4CCB34267F5175007C3CF8 /* Preview Assets.xcassets */; };
		DB4CCB40267F5175007C3CF8 /* marvel_app_swiftuiTests.swift in Sources */ = {isa = PBXBuildFile; fileRef = DB4CCB3F267F5175007C3CF8 /* marvel_app_swiftuiTests.swift */; };
		DB4CCB4B267F5175007C3CF8 /* marvel_app_swiftuiUITests.swift in Sources */ = {isa = PBXBuildFile; fileRef = DB4CCB4A267F5175007C3CF8 /* marvel_app_swiftuiUITests.swift */; };
		DB4CCBAC267F5B3A007C3CF8 /* Localizable.strings in Resources */ = {isa = PBXBuildFile; fileRef = DB4CCB5C267F5B3A007C3CF8 /* Localizable.strings */; };
		DB4CCBAD267F5B3A007C3CF8 /* Assets.xcassets in Resources */ = {isa = PBXBuildFile; fileRef = DB4CCB5F267F5B3A007C3CF8 /* Assets.xcassets */; };
		DB4CCBAF267F5B3A007C3CF8 /* Config.plist in Resources */ = {isa = PBXBuildFile; fileRef = DB4CCB65267F5B3A007C3CF8 /* Config.plist */; };
		DB4CCBB2267F5B3A007C3CF8 /* CharactersNetworkDataSource.swift in Sources */ = {isa = PBXBuildFile; fileRef = DB4CCB6C267F5B3A007C3CF8 /* CharactersNetworkDataSource.swift */; };
		DB4CCBB3267F5B3A007C3CF8 /* CharactersRouter.swift in Sources */ = {isa = PBXBuildFile; fileRef = DB4CCB6E267F5B3A007C3CF8 /* CharactersRouter.swift */; };
		DB4CCBB4267F5B3A007C3CF8 /* EventSummaryDTO.swift in Sources */ = {isa = PBXBuildFile; fileRef = DB4CCB70267F5B3A007C3CF8 /* EventSummaryDTO.swift */; };
		DB4CCBB5267F5B3A007C3CF8 /* CharacterDataWrapperDTO.swift in Sources */ = {isa = PBXBuildFile; fileRef = DB4CCB71267F5B3A007C3CF8 /* CharacterDataWrapperDTO.swift */; };
		DB4CCBB6267F5B3A007C3CF8 /* UrlDTO.swift in Sources */ = {isa = PBXBuildFile; fileRef = DB4CCB72267F5B3A007C3CF8 /* UrlDTO.swift */; };
		DB4CCBB7267F5B3A007C3CF8 /* ComicListDTO.swift in Sources */ = {isa = PBXBuildFile; fileRef = DB4CCB73267F5B3A007C3CF8 /* ComicListDTO.swift */; };
		DB4CCBB8267F5B3A007C3CF8 /* StorySummaryDTO.swift in Sources */ = {isa = PBXBuildFile; fileRef = DB4CCB74267F5B3A007C3CF8 /* StorySummaryDTO.swift */; };
		DB4CCBB9267F5B3A007C3CF8 /* SeriesListDTO.swift in Sources */ = {isa = PBXBuildFile; fileRef = DB4CCB75267F5B3A007C3CF8 /* SeriesListDTO.swift */; };
		DB4CCBBA267F5B3A007C3CF8 /* CharacterDTO.swift in Sources */ = {isa = PBXBuildFile; fileRef = DB4CCB76267F5B3A007C3CF8 /* CharacterDTO.swift */; };
		DB4CCBBB267F5B3A007C3CF8 /* ImageDTO.swift in Sources */ = {isa = PBXBuildFile; fileRef = DB4CCB77267F5B3A007C3CF8 /* ImageDTO.swift */; };
		DB4CCBBC267F5B3A007C3CF8 /* SeriesSummaryDTO.swift in Sources */ = {isa = PBXBuildFile; fileRef = DB4CCB78267F5B3A007C3CF8 /* SeriesSummaryDTO.swift */; };
		DB4CCBBD267F5B3A007C3CF8 /* StoryListDTO.swift in Sources */ = {isa = PBXBuildFile; fileRef = DB4CCB79267F5B3A007C3CF8 /* StoryListDTO.swift */; };
		DB4CCBBE267F5B3A007C3CF8 /* EventListDTO.swift in Sources */ = {isa = PBXBuildFile; fileRef = DB4CCB7A267F5B3A007C3CF8 /* EventListDTO.swift */; };
		DB4CCBBF267F5B3A007C3CF8 /* ComicSummaryDTO.swift in Sources */ = {isa = PBXBuildFile; fileRef = DB4CCB7B267F5B3A007C3CF8 /* ComicSummaryDTO.swift */; };
		DB4CCBC0267F5B3A007C3CF8 /* CharacterDataContainerDTO.swift in Sources */ = {isa = PBXBuildFile; fileRef = DB4CCB7C267F5B3A007C3CF8 /* CharacterDataContainerDTO.swift */; };
		DB4CCBC1267F5B3A007C3CF8 /* CharactersDataRepository.swift in Sources */ = {isa = PBXBuildFile; fileRef = DB4CCB7E267F5B3A007C3CF8 /* CharactersDataRepository.swift */; };
		DB4CCBC2267F5B3A007C3CF8 /* CharactersRepository.swift in Sources */ = {isa = PBXBuildFile; fileRef = DB4CCB82267F5B3A007C3CF8 /* CharactersRepository.swift */; };
		DB4CCBC3267F5B3A007C3CF8 /* GetCharacterWithIdUseCase.swift in Sources */ = {isa = PBXBuildFile; fileRef = DB4CCB84267F5B3A007C3CF8 /* GetCharacterWithIdUseCase.swift */; };
		DB4CCBC4267F5B3A007C3CF8 /* GetCharactersUseCase.swift in Sources */ = {isa = PBXBuildFile; fileRef = DB4CCB85267F5B3A007C3CF8 /* GetCharactersUseCase.swift */; };
		DB4CCBC5267F5B3A007C3CF8 /* CharacterFilterEntity.swift in Sources */ = {isa = PBXBuildFile; fileRef = DB4CCB88267F5B3A007C3CF8 /* CharacterFilterEntity.swift */; };
		DB4CCBC6267F5B3A007C3CF8 /* SeriesListEntity.swift in Sources */ = {isa = PBXBuildFile; fileRef = DB4CCB89267F5B3A007C3CF8 /* SeriesListEntity.swift */; };
		DB4CCBC7267F5B3A007C3CF8 /* SeriesSummaryEntity.swift in Sources */ = {isa = PBXBuildFile; fileRef = DB4CCB8A267F5B3A007C3CF8 /* SeriesSummaryEntity.swift */; };
		DB4CCBC8267F5B3A007C3CF8 /* CharacterDataContainerEntity.swift in Sources */ = {isa = PBXBuildFile; fileRef = DB4CCB8B267F5B3A007C3CF8 /* CharacterDataContainerEntity.swift */; };
		DB4CCBC9267F5B3A007C3CF8 /* EventSummaryEntity.swift in Sources */ = {isa = PBXBuildFile; fileRef = DB4CCB8C267F5B3A007C3CF8 /* EventSummaryEntity.swift */; };
		DB4CCBCA267F5B3A007C3CF8 /* CharacterDataWrapperEntity.swift in Sources */ = {isa = PBXBuildFile; fileRef = DB4CCB8D267F5B3A007C3CF8 /* CharacterDataWrapperEntity.swift */; };
		DB4CCBCB267F5B3A007C3CF8 /* ComicListEntity.swift in Sources */ = {isa = PBXBuildFile; fileRef = DB4CCB8E267F5B3A007C3CF8 /* ComicListEntity.swift */; };
		DB4CCBCC267F5B3A007C3CF8 /* ImageEntity.swift in Sources */ = {isa = PBXBuildFile; fileRef = DB4CCB8F267F5B3A007C3CF8 /* ImageEntity.swift */; };
		DB4CCBCD267F5B3A007C3CF8 /* CharacterEntity.swift in Sources */ = {isa = PBXBuildFile; fileRef = DB4CCB90267F5B3A007C3CF8 /* CharacterEntity.swift */; };
		DB4CCBCE267F5B3A007C3CF8 /* EventListEntity.swift in Sources */ = {isa = PBXBuildFile; fileRef = DB4CCB91267F5B3A007C3CF8 /* EventListEntity.swift */; };
		DB4CCBCF267F5B3A007C3CF8 /* ComicSummaryEntity.swift in Sources */ = {isa = PBXBuildFile; fileRef = DB4CCB92267F5B3A007C3CF8 /* ComicSummaryEntity.swift */; };
		DB4CCBD0267F5B3A007C3CF8 /* StoryListEntity.swift in Sources */ = {isa = PBXBuildFile; fileRef = DB4CCB93267F5B3A007C3CF8 /* StoryListEntity.swift */; };
		DB4CCBD1267F5B3A007C3CF8 /* UrlEntity.swift in Sources */ = {isa = PBXBuildFile; fileRef = DB4CCB94267F5B3A007C3CF8 /* UrlEntity.swift */; };
		DB4CCBD2267F5B3A007C3CF8 /* StorySummaryEntity.swift in Sources */ = {isa = PBXBuildFile; fileRef = DB4CCB95267F5B3A007C3CF8 /* StorySummaryEntity.swift */; };
		DB4CCBD4267F5B3A007C3CF8 /* NetworkManager.swift in Sources */ = {isa = PBXBuildFile; fileRef = DB4CCB99267F5B3A007C3CF8 /* NetworkManager.swift */; };
		DB4CCBD5267F5B3A007C3CF8 /* BaseRouter.swift in Sources */ = {isa = PBXBuildFile; fileRef = DB4CCB9A267F5B3A007C3CF8 /* BaseRouter.swift */; };
		DB4CCBD6267F5B3A007C3CF8 /* ImageRouter.swift in Sources */ = {isa = PBXBuildFile; fileRef = DB4CCB9B267F5B3A007C3CF8 /* ImageRouter.swift */; };
		DB4CCBD7267F5B3A007C3CF8 /* HTTPStatusCode.swift in Sources */ = {isa = PBXBuildFile; fileRef = DB4CCB9C267F5B3A007C3CF8 /* HTTPStatusCode.swift */; };
		DB4CCBD8267F5B3A007C3CF8 /* String+Localizable.swift in Sources */ = {isa = PBXBuildFile; fileRef = DB4CCB9E267F5B3A007C3CF8 /* String+Localizable.swift */; };
		DB4CCBD9267F5B3A007C3CF8 /* String+Crypto.swift in Sources */ = {isa = PBXBuildFile; fileRef = DB4CCB9F267F5B3A007C3CF8 /* String+Crypto.swift */; };
		DB4CCBDA267F5B3A007C3CF8 /* UIViewController+Alert.swift in Sources */ = {isa = PBXBuildFile; fileRef = DB4CCBA0267F5B3A007C3CF8 /* UIViewController+Alert.swift */; };
		DB4CCBDB267F5B3A007C3CF8 /* Dictionary.swift in Sources */ = {isa = PBXBuildFile; fileRef = DB4CCBA1267F5B3A007C3CF8 /* Dictionary.swift */; };
		DB4CCBDC267F5B3A007C3CF8 /* String+Json.swift in Sources */ = {isa = PBXBuildFile; fileRef = DB4CCBA2267F5B3A007C3CF8 /* String+Json.swift */; };
		DB4CCBE0267F5B3A007C3CF8 /* CustomUIImageView.swift in Sources */ = {isa = PBXBuildFile; fileRef = DB4CCBA8267F5B3A007C3CF8 /* CustomUIImageView.swift */; };
		DB4CCBE1267F5B3A007C3CF8 /* CustomUIView.swift in Sources */ = {isa = PBXBuildFile; fileRef = DB4CCBA9267F5B3A007C3CF8 /* CustomUIView.swift */; };
		DB4CCBE2267F5B3A007C3CF8 /* Coordinator.swift in Sources */ = {isa = PBXBuildFile; fileRef = DB4CCBAA267F5B3A007C3CF8 /* Coordinator.swift */; };
		DB4CCBE3267F5B3A007C3CF8 /* Configuration.swift in Sources */ = {isa = PBXBuildFile; fileRef = DB4CCBAB267F5B3A007C3CF8 /* Configuration.swift */; };
		DB4CCC20267F5E09007C3CF8 /* MarvelDetailViewModel.swift in Sources */ = {isa = PBXBuildFile; fileRef = DB4CCC14267F5E09007C3CF8 /* MarvelDetailViewModel.swift */; };
		DB4CCC27267F5E09007C3CF8 /* MarvelListViewModel.swift in Sources */ = {isa = PBXBuildFile; fileRef = DB4CCC1D267F5E09007C3CF8 /* MarvelListViewModel.swift */; };
		DB7EEEA62746922C00FD5885 /* MarvelListView.swift in Sources */ = {isa = PBXBuildFile; fileRef = DB7EEEA52746922C00FD5885 /* MarvelListView.swift */; };
		DB7EEEA92746A90600FD5885 /* LoaderState.swift in Sources */ = {isa = PBXBuildFile; fileRef = DB7EEEA82746A90600FD5885 /* LoaderState.swift */; };
		DB89AEB72760F5AE00C9B5E9 /* MarvelListCellView.swift in Sources */ = {isa = PBXBuildFile; fileRef = DB89AEB62760F5AE00C9B5E9 /* MarvelListCellView.swift */; };
		DB89AEBD2760FBB300C9B5E9 /* Constants.swift in Sources */ = {isa = PBXBuildFile; fileRef = DB89AEBC2760FBB300C9B5E9 /* Constants.swift */; };
		DB89AEBE2760FBB300C9B5E9 /* Constants.swift in Sources */ = {isa = PBXBuildFile; fileRef = DB89AEBC2760FBB300C9B5E9 /* Constants.swift */; };
		DB89AEC02760FE1200C9B5E9 /* View+Conditionals.swift in Sources */ = {isa = PBXBuildFile; fileRef = DB89AEBF2760FE1200C9B5E9 /* View+Conditionals.swift */; };
		DB89AEC12760FE1200C9B5E9 /* View+Conditionals.swift in Sources */ = {isa = PBXBuildFile; fileRef = DB89AEBF2760FE1200C9B5E9 /* View+Conditionals.swift */; };
		DB89AEC2276100FC00C9B5E9 /* CharacterEntity.swift in Sources */ = {isa = PBXBuildFile; fileRef = DB4CCB90267F5B3A007C3CF8 /* CharacterEntity.swift */; };
		DB89AEC32761011900C9B5E9 /* UrlEntity.swift in Sources */ = {isa = PBXBuildFile; fileRef = DB4CCB94267F5B3A007C3CF8 /* UrlEntity.swift */; };
		DB89AEC42761012900C9B5E9 /* ImageEntity.swift in Sources */ = {isa = PBXBuildFile; fileRef = DB4CCB8F267F5B3A007C3CF8 /* ImageEntity.swift */; };
		DB89AEC52761012E00C9B5E9 /* ComicListEntity.swift in Sources */ = {isa = PBXBuildFile; fileRef = DB4CCB8E267F5B3A007C3CF8 /* ComicListEntity.swift */; };
		DB89AEC62761013300C9B5E9 /* ComicSummaryEntity.swift in Sources */ = {isa = PBXBuildFile; fileRef = DB4CCB92267F5B3A007C3CF8 /* ComicSummaryEntity.swift */; };
		DB89AEC72761013A00C9B5E9 /* StoryListEntity.swift in Sources */ = {isa = PBXBuildFile; fileRef = DB4CCB93267F5B3A007C3CF8 /* StoryListEntity.swift */; };
		DB89AEC82761013E00C9B5E9 /* StorySummaryEntity.swift in Sources */ = {isa = PBXBuildFile; fileRef = DB4CCB95267F5B3A007C3CF8 /* StorySummaryEntity.swift */; };
		DB89AEC92761014200C9B5E9 /* EventListEntity.swift in Sources */ = {isa = PBXBuildFile; fileRef = DB4CCB91267F5B3A007C3CF8 /* EventListEntity.swift */; };
		DB89AECA2761014500C9B5E9 /* EventSummaryEntity.swift in Sources */ = {isa = PBXBuildFile; fileRef = DB4CCB8C267F5B3A007C3CF8 /* EventSummaryEntity.swift */; };
		DB89AECB2761015600C9B5E9 /* SeriesListEntity.swift in Sources */ = {isa = PBXBuildFile; fileRef = DB4CCB89267F5B3A007C3CF8 /* SeriesListEntity.swift */; };
		DB89AECC2761015A00C9B5E9 /* SeriesSummaryEntity.swift in Sources */ = {isa = PBXBuildFile; fileRef = DB4CCB8A267F5B3A007C3CF8 /* SeriesSummaryEntity.swift */; };
		DBAECCA9276E1A8B0076D52B /* ironMan.json in Resources */ = {isa = PBXBuildFile; fileRef = DBAECCA8276E1A8B0076D52B /* ironMan.json */; };
		DBAECCAC276E1E730076D52B /* MainViewModel.swift in Sources */ = {isa = PBXBuildFile; fileRef = DBAECCAB276E1E730076D52B /* MainViewModel.swift */; };
		DBF8F163273E74FB0008E357 /* ErrorEntity.swift in Sources */ = {isa = PBXBuildFile; fileRef = DBF8F162273E74FB0008E357 /* ErrorEntity.swift */; };
/* End PBXBuildFile section */

/* Begin PBXContainerItemProxy section */
		DB4CCB3C267F5175007C3CF8 /* PBXContainerItemProxy */ = {
			isa = PBXContainerItemProxy;
			containerPortal = DB4CCB22267F5173007C3CF8 /* Project object */;
			proxyType = 1;
			remoteGlobalIDString = DB4CCB29267F5173007C3CF8;
			remoteInfo = "marvel-app-swiftui";
		};
		DB4CCB47267F5175007C3CF8 /* PBXContainerItemProxy */ = {
			isa = PBXContainerItemProxy;
			containerPortal = DB4CCB22267F5173007C3CF8 /* Project object */;
			proxyType = 1;
			remoteGlobalIDString = DB4CCB29267F5173007C3CF8;
			remoteInfo = "marvel-app-swiftui";
		};
/* End PBXContainerItemProxy section */

/* Begin PBXFileReference section */
		070B27742188587D2B1224BA /* Pods-marvel-app-swiftui.release.xcconfig */ = {isa = PBXFileReference; includeInIndex = 1; lastKnownFileType = text.xcconfig; name = "Pods-marvel-app-swiftui.release.xcconfig"; path = "Target Support Files/Pods-marvel-app-swiftui/Pods-marvel-app-swiftui.release.xcconfig"; sourceTree = "<group>"; };
		2844E81979DFF9F5A81E0C19 /* Pods_marvel_app_swiftuiTests.framework */ = {isa = PBXFileReference; explicitFileType = wrapper.framework; includeInIndex = 0; path = Pods_marvel_app_swiftuiTests.framework; sourceTree = BUILT_PRODUCTS_DIR; };
		4FD9B60E948D2102C541323C /* Pods-marvel-app-swiftui.debug.xcconfig */ = {isa = PBXFileReference; includeInIndex = 1; lastKnownFileType = text.xcconfig; name = "Pods-marvel-app-swiftui.debug.xcconfig"; path = "Target Support Files/Pods-marvel-app-swiftui/Pods-marvel-app-swiftui.debug.xcconfig"; sourceTree = "<group>"; };
		B021586AA8F433997B291DC4 /* Pods_marvel_app_swiftui.framework */ = {isa = PBXFileReference; explicitFileType = wrapper.framework; includeInIndex = 0; path = Pods_marvel_app_swiftui.framework; sourceTree = BUILT_PRODUCTS_DIR; };
		DB0CC8E9276CD94100669857 /* InfiniteScrollView.swift */ = {isa = PBXFileReference; lastKnownFileType = sourcecode.swift; path = InfiniteScrollView.swift; sourceTree = "<group>"; };
		DB2A2E34276DF31200ADA2F8 /* AsyncImageView.swift */ = {isa = PBXFileReference; lastKnownFileType = sourcecode.swift; path = AsyncImageView.swift; sourceTree = "<group>"; };
		DB2A2E36276DFAAD00ADA2F8 /* FontModifier.swift */ = {isa = PBXFileReference; lastKnownFileType = sourcecode.swift; path = FontModifier.swift; sourceTree = "<group>"; };
		DB2A2E39276E13D600ADA2F8 /* SplashView.swift */ = {isa = PBXFileReference; lastKnownFileType = sourcecode.swift; path = SplashView.swift; sourceTree = "<group>"; };
		DB2A2E3B276E171600ADA2F8 /* LottieView.swift */ = {isa = PBXFileReference; lastKnownFileType = sourcecode.swift; path = LottieView.swift; sourceTree = "<group>"; };
		DB2CAD74276B685B00723B95 /* ImageLoaderView.swift */ = {isa = PBXFileReference; fileEncoding = 4; lastKnownFileType = sourcecode.swift; path = ImageLoaderView.swift; sourceTree = "<group>"; };
		DB2CAD76276B72F600723B95 /* MarvelDetailView.swift */ = {isa = PBXFileReference; lastKnownFileType = sourcecode.swift; path = MarvelDetailView.swift; sourceTree = "<group>"; };
		DB2CAD78276B7CC900723B95 /* ScrollViewOffset.swift */ = {isa = PBXFileReference; lastKnownFileType = sourcecode.swift; path = ScrollViewOffset.swift; sourceTree = "<group>"; };
		DB4CCB2A267F5173007C3CF8 /* marvel-app-swiftui.app */ = {isa = PBXFileReference; explicitFileType = wrapper.application; includeInIndex = 0; path = "marvel-app-swiftui.app"; sourceTree = BUILT_PRODUCTS_DIR; };
		DB4CCB2D267F5173007C3CF8 /* marvel_app_swiftuiApp.swift */ = {isa = PBXFileReference; lastKnownFileType = sourcecode.swift; path = marvel_app_swiftuiApp.swift; sourceTree = "<group>"; };
		DB4CCB2F267F5173007C3CF8 /* ContentView.swift */ = {isa = PBXFileReference; lastKnownFileType = sourcecode.swift; path = ContentView.swift; sourceTree = "<group>"; };
		DB4CCB34267F5175007C3CF8 /* Preview Assets.xcassets */ = {isa = PBXFileReference; lastKnownFileType = folder.assetcatalog; path = "Preview Assets.xcassets"; sourceTree = "<group>"; };
		DB4CCB3B267F5175007C3CF8 /* marvel-app-swiftuiTests.xctest */ = {isa = PBXFileReference; explicitFileType = wrapper.cfbundle; includeInIndex = 0; path = "marvel-app-swiftuiTests.xctest"; sourceTree = BUILT_PRODUCTS_DIR; };
		DB4CCB3F267F5175007C3CF8 /* marvel_app_swiftuiTests.swift */ = {isa = PBXFileReference; lastKnownFileType = sourcecode.swift; path = marvel_app_swiftuiTests.swift; sourceTree = "<group>"; };
		DB4CCB41267F5175007C3CF8 /* Info.plist */ = {isa = PBXFileReference; lastKnownFileType = text.plist.xml; path = Info.plist; sourceTree = "<group>"; };
		DB4CCB46267F5175007C3CF8 /* marvel-app-swiftuiUITests.xctest */ = {isa = PBXFileReference; explicitFileType = wrapper.cfbundle; includeInIndex = 0; path = "marvel-app-swiftuiUITests.xctest"; sourceTree = BUILT_PRODUCTS_DIR; };
		DB4CCB4A267F5175007C3CF8 /* marvel_app_swiftuiUITests.swift */ = {isa = PBXFileReference; lastKnownFileType = sourcecode.swift; path = marvel_app_swiftuiUITests.swift; sourceTree = "<group>"; };
		DB4CCB4C267F5175007C3CF8 /* Info.plist */ = {isa = PBXFileReference; lastKnownFileType = text.plist.xml; path = Info.plist; sourceTree = "<group>"; };
		DB4CCB5D267F5B3A007C3CF8 /* en */ = {isa = PBXFileReference; lastKnownFileType = text.plist.strings; name = en; path = en.lproj/Localizable.strings; sourceTree = "<group>"; };
		DB4CCB5E267F5B3A007C3CF8 /* es */ = {isa = PBXFileReference; lastKnownFileType = text.plist.strings; name = es; path = es.lproj/Localizable.strings; sourceTree = "<group>"; };
		DB4CCB5F267F5B3A007C3CF8 /* Assets.xcassets */ = {isa = PBXFileReference; lastKnownFileType = folder.assetcatalog; path = Assets.xcassets; sourceTree = "<group>"; };
		DB4CCB62267F5B3A007C3CF8 /* fr */ = {isa = PBXFileReference; lastKnownFileType = text.plist.strings; name = fr; path = fr.lproj/Localizable.strings; sourceTree = "<group>"; };
		DB4CCB63267F5B3A007C3CF8 /* ca */ = {isa = PBXFileReference; lastKnownFileType = text.plist.strings; name = ca; path = ca.lproj/Localizable.strings; sourceTree = "<group>"; };
		DB4CCB65267F5B3A007C3CF8 /* Config.plist */ = {isa = PBXFileReference; fileEncoding = 4; lastKnownFileType = text.plist.xml; path = Config.plist; sourceTree = "<group>"; };
		DB4CCB6C267F5B3A007C3CF8 /* CharactersNetworkDataSource.swift */ = {isa = PBXFileReference; fileEncoding = 4; lastKnownFileType = sourcecode.swift; path = CharactersNetworkDataSource.swift; sourceTree = "<group>"; };
		DB4CCB6E267F5B3A007C3CF8 /* CharactersRouter.swift */ = {isa = PBXFileReference; fileEncoding = 4; lastKnownFileType = sourcecode.swift; path = CharactersRouter.swift; sourceTree = "<group>"; };
		DB4CCB70267F5B3A007C3CF8 /* EventSummaryDTO.swift */ = {isa = PBXFileReference; fileEncoding = 4; lastKnownFileType = sourcecode.swift; path = EventSummaryDTO.swift; sourceTree = "<group>"; };
		DB4CCB71267F5B3A007C3CF8 /* CharacterDataWrapperDTO.swift */ = {isa = PBXFileReference; fileEncoding = 4; lastKnownFileType = sourcecode.swift; path = CharacterDataWrapperDTO.swift; sourceTree = "<group>"; };
		DB4CCB72267F5B3A007C3CF8 /* UrlDTO.swift */ = {isa = PBXFileReference; fileEncoding = 4; lastKnownFileType = sourcecode.swift; path = UrlDTO.swift; sourceTree = "<group>"; };
		DB4CCB73267F5B3A007C3CF8 /* ComicListDTO.swift */ = {isa = PBXFileReference; fileEncoding = 4; lastKnownFileType = sourcecode.swift; path = ComicListDTO.swift; sourceTree = "<group>"; };
		DB4CCB74267F5B3A007C3CF8 /* StorySummaryDTO.swift */ = {isa = PBXFileReference; fileEncoding = 4; lastKnownFileType = sourcecode.swift; path = StorySummaryDTO.swift; sourceTree = "<group>"; };
		DB4CCB75267F5B3A007C3CF8 /* SeriesListDTO.swift */ = {isa = PBXFileReference; fileEncoding = 4; lastKnownFileType = sourcecode.swift; path = SeriesListDTO.swift; sourceTree = "<group>"; };
		DB4CCB76267F5B3A007C3CF8 /* CharacterDTO.swift */ = {isa = PBXFileReference; fileEncoding = 4; lastKnownFileType = sourcecode.swift; path = CharacterDTO.swift; sourceTree = "<group>"; };
		DB4CCB77267F5B3A007C3CF8 /* ImageDTO.swift */ = {isa = PBXFileReference; fileEncoding = 4; lastKnownFileType = sourcecode.swift; path = ImageDTO.swift; sourceTree = "<group>"; };
		DB4CCB78267F5B3A007C3CF8 /* SeriesSummaryDTO.swift */ = {isa = PBXFileReference; fileEncoding = 4; lastKnownFileType = sourcecode.swift; path = SeriesSummaryDTO.swift; sourceTree = "<group>"; };
		DB4CCB79267F5B3A007C3CF8 /* StoryListDTO.swift */ = {isa = PBXFileReference; fileEncoding = 4; lastKnownFileType = sourcecode.swift; path = StoryListDTO.swift; sourceTree = "<group>"; };
		DB4CCB7A267F5B3A007C3CF8 /* EventListDTO.swift */ = {isa = PBXFileReference; fileEncoding = 4; lastKnownFileType = sourcecode.swift; path = EventListDTO.swift; sourceTree = "<group>"; };
		DB4CCB7B267F5B3A007C3CF8 /* ComicSummaryDTO.swift */ = {isa = PBXFileReference; fileEncoding = 4; lastKnownFileType = sourcecode.swift; path = ComicSummaryDTO.swift; sourceTree = "<group>"; };
		DB4CCB7C267F5B3A007C3CF8 /* CharacterDataContainerDTO.swift */ = {isa = PBXFileReference; fileEncoding = 4; lastKnownFileType = sourcecode.swift; path = CharacterDataContainerDTO.swift; sourceTree = "<group>"; };
		DB4CCB7E267F5B3A007C3CF8 /* CharactersDataRepository.swift */ = {isa = PBXFileReference; fileEncoding = 4; lastKnownFileType = sourcecode.swift; path = CharactersDataRepository.swift; sourceTree = "<group>"; };
		DB4CCB82267F5B3A007C3CF8 /* CharactersRepository.swift */ = {isa = PBXFileReference; fileEncoding = 4; lastKnownFileType = sourcecode.swift; path = CharactersRepository.swift; sourceTree = "<group>"; };
		DB4CCB84267F5B3A007C3CF8 /* GetCharacterWithIdUseCase.swift */ = {isa = PBXFileReference; fileEncoding = 4; lastKnownFileType = sourcecode.swift; path = GetCharacterWithIdUseCase.swift; sourceTree = "<group>"; };
		DB4CCB85267F5B3A007C3CF8 /* GetCharactersUseCase.swift */ = {isa = PBXFileReference; fileEncoding = 4; lastKnownFileType = sourcecode.swift; path = GetCharactersUseCase.swift; sourceTree = "<group>"; };
		DB4CCB88267F5B3A007C3CF8 /* CharacterFilterEntity.swift */ = {isa = PBXFileReference; fileEncoding = 4; lastKnownFileType = sourcecode.swift; path = CharacterFilterEntity.swift; sourceTree = "<group>"; };
		DB4CCB89267F5B3A007C3CF8 /* SeriesListEntity.swift */ = {isa = PBXFileReference; fileEncoding = 4; lastKnownFileType = sourcecode.swift; path = SeriesListEntity.swift; sourceTree = "<group>"; };
		DB4CCB8A267F5B3A007C3CF8 /* SeriesSummaryEntity.swift */ = {isa = PBXFileReference; fileEncoding = 4; lastKnownFileType = sourcecode.swift; path = SeriesSummaryEntity.swift; sourceTree = "<group>"; };
		DB4CCB8B267F5B3A007C3CF8 /* CharacterDataContainerEntity.swift */ = {isa = PBXFileReference; fileEncoding = 4; lastKnownFileType = sourcecode.swift; path = CharacterDataContainerEntity.swift; sourceTree = "<group>"; };
		DB4CCB8C267F5B3A007C3CF8 /* EventSummaryEntity.swift */ = {isa = PBXFileReference; fileEncoding = 4; lastKnownFileType = sourcecode.swift; path = EventSummaryEntity.swift; sourceTree = "<group>"; };
		DB4CCB8D267F5B3A007C3CF8 /* CharacterDataWrapperEntity.swift */ = {isa = PBXFileReference; fileEncoding = 4; lastKnownFileType = sourcecode.swift; path = CharacterDataWrapperEntity.swift; sourceTree = "<group>"; };
		DB4CCB8E267F5B3A007C3CF8 /* ComicListEntity.swift */ = {isa = PBXFileReference; fileEncoding = 4; lastKnownFileType = sourcecode.swift; path = ComicListEntity.swift; sourceTree = "<group>"; };
		DB4CCB8F267F5B3A007C3CF8 /* ImageEntity.swift */ = {isa = PBXFileReference; fileEncoding = 4; lastKnownFileType = sourcecode.swift; path = ImageEntity.swift; sourceTree = "<group>"; };
		DB4CCB90267F5B3A007C3CF8 /* CharacterEntity.swift */ = {isa = PBXFileReference; fileEncoding = 4; lastKnownFileType = sourcecode.swift; path = CharacterEntity.swift; sourceTree = "<group>"; };
		DB4CCB91267F5B3A007C3CF8 /* EventListEntity.swift */ = {isa = PBXFileReference; fileEncoding = 4; lastKnownFileType = sourcecode.swift; path = EventListEntity.swift; sourceTree = "<group>"; };
		DB4CCB92267F5B3A007C3CF8 /* ComicSummaryEntity.swift */ = {isa = PBXFileReference; fileEncoding = 4; lastKnownFileType = sourcecode.swift; path = ComicSummaryEntity.swift; sourceTree = "<group>"; };
		DB4CCB93267F5B3A007C3CF8 /* StoryListEntity.swift */ = {isa = PBXFileReference; fileEncoding = 4; lastKnownFileType = sourcecode.swift; path = StoryListEntity.swift; sourceTree = "<group>"; };
		DB4CCB94267F5B3A007C3CF8 /* UrlEntity.swift */ = {isa = PBXFileReference; fileEncoding = 4; lastKnownFileType = sourcecode.swift; path = UrlEntity.swift; sourceTree = "<group>"; };
		DB4CCB95267F5B3A007C3CF8 /* StorySummaryEntity.swift */ = {isa = PBXFileReference; fileEncoding = 4; lastKnownFileType = sourcecode.swift; path = StorySummaryEntity.swift; sourceTree = "<group>"; };
		DB4CCB99267F5B3A007C3CF8 /* NetworkManager.swift */ = {isa = PBXFileReference; fileEncoding = 4; lastKnownFileType = sourcecode.swift; path = NetworkManager.swift; sourceTree = "<group>"; };
		DB4CCB9A267F5B3A007C3CF8 /* BaseRouter.swift */ = {isa = PBXFileReference; fileEncoding = 4; lastKnownFileType = sourcecode.swift; path = BaseRouter.swift; sourceTree = "<group>"; };
		DB4CCB9B267F5B3A007C3CF8 /* ImageRouter.swift */ = {isa = PBXFileReference; fileEncoding = 4; lastKnownFileType = sourcecode.swift; path = ImageRouter.swift; sourceTree = "<group>"; };
		DB4CCB9C267F5B3A007C3CF8 /* HTTPStatusCode.swift */ = {isa = PBXFileReference; fileEncoding = 4; lastKnownFileType = sourcecode.swift; path = HTTPStatusCode.swift; sourceTree = "<group>"; };
		DB4CCB9E267F5B3A007C3CF8 /* String+Localizable.swift */ = {isa = PBXFileReference; fileEncoding = 4; lastKnownFileType = sourcecode.swift; path = "String+Localizable.swift"; sourceTree = "<group>"; };
		DB4CCB9F267F5B3A007C3CF8 /* String+Crypto.swift */ = {isa = PBXFileReference; fileEncoding = 4; lastKnownFileType = sourcecode.swift; path = "String+Crypto.swift"; sourceTree = "<group>"; };
		DB4CCBA0267F5B3A007C3CF8 /* UIViewController+Alert.swift */ = {isa = PBXFileReference; fileEncoding = 4; lastKnownFileType = sourcecode.swift; path = "UIViewController+Alert.swift"; sourceTree = "<group>"; };
		DB4CCBA1267F5B3A007C3CF8 /* Dictionary.swift */ = {isa = PBXFileReference; fileEncoding = 4; lastKnownFileType = sourcecode.swift; path = Dictionary.swift; sourceTree = "<group>"; };
		DB4CCBA2267F5B3A007C3CF8 /* String+Json.swift */ = {isa = PBXFileReference; fileEncoding = 4; lastKnownFileType = sourcecode.swift; path = "String+Json.swift"; sourceTree = "<group>"; };
		DB4CCBA8267F5B3A007C3CF8 /* CustomUIImageView.swift */ = {isa = PBXFileReference; fileEncoding = 4; lastKnownFileType = sourcecode.swift; path = CustomUIImageView.swift; sourceTree = "<group>"; };
		DB4CCBA9267F5B3A007C3CF8 /* CustomUIView.swift */ = {isa = PBXFileReference; fileEncoding = 4; lastKnownFileType = sourcecode.swift; path = CustomUIView.swift; sourceTree = "<group>"; };
		DB4CCBAA267F5B3A007C3CF8 /* Coordinator.swift */ = {isa = PBXFileReference; fileEncoding = 4; lastKnownFileType = sourcecode.swift; path = Coordinator.swift; sourceTree = "<group>"; };
		DB4CCBAB267F5B3A007C3CF8 /* Configuration.swift */ = {isa = PBXFileReference; fileEncoding = 4; lastKnownFileType = sourcecode.swift; path = Configuration.swift; sourceTree = "<group>"; };
		DB4CCC08267F5DFE007C3CF8 /* Info.plist */ = {isa = PBXFileReference; fileEncoding = 4; lastKnownFileType = text.plist.xml; path = Info.plist; sourceTree = "<group>"; };
		DB4CCC14267F5E09007C3CF8 /* MarvelDetailViewModel.swift */ = {isa = PBXFileReference; fileEncoding = 4; lastKnownFileType = sourcecode.swift; path = MarvelDetailViewModel.swift; sourceTree = "<group>"; };
		DB4CCC1D267F5E09007C3CF8 /* MarvelListViewModel.swift */ = {isa = PBXFileReference; fileEncoding = 4; lastKnownFileType = sourcecode.swift; path = MarvelListViewModel.swift; sourceTree = "<group>"; };
		DB7EEEA52746922C00FD5885 /* MarvelListView.swift */ = {isa = PBXFileReference; lastKnownFileType = sourcecode.swift; path = MarvelListView.swift; sourceTree = "<group>"; };
		DB7EEEA82746A90600FD5885 /* LoaderState.swift */ = {isa = PBXFileReference; lastKnownFileType = sourcecode.swift; path = LoaderState.swift; sourceTree = "<group>"; };
		DB89AEB62760F5AE00C9B5E9 /* MarvelListCellView.swift */ = {isa = PBXFileReference; lastKnownFileType = sourcecode.swift; path = MarvelListCellView.swift; sourceTree = "<group>"; };
		DB89AEBC2760FBB300C9B5E9 /* Constants.swift */ = {isa = PBXFileReference; fileEncoding = 4; lastKnownFileType = sourcecode.swift; path = Constants.swift; sourceTree = "<group>"; };
		DB89AEBF2760FE1200C9B5E9 /* View+Conditionals.swift */ = {isa = PBXFileReference; lastKnownFileType = sourcecode.swift; path = "View+Conditionals.swift"; sourceTree = "<group>"; };
		DBAECCA8276E1A8B0076D52B /* ironMan.json */ = {isa = PBXFileReference; fileEncoding = 4; lastKnownFileType = text.json; name = ironMan.json; path = ../../../../../../../Downloads/ironMan.json; sourceTree = "<group>"; };
		DBAECCAB276E1E730076D52B /* MainViewModel.swift */ = {isa = PBXFileReference; lastKnownFileType = sourcecode.swift; path = MainViewModel.swift; sourceTree = "<group>"; };
		DBF8F162273E74FB0008E357 /* ErrorEntity.swift */ = {isa = PBXFileReference; lastKnownFileType = sourcecode.swift; path = ErrorEntity.swift; sourceTree = "<group>"; };
		EB46A3631991D0685F511116 /* Pods-marvel-app-swiftuiTests.debug.xcconfig */ = {isa = PBXFileReference; includeInIndex = 1; lastKnownFileType = text.xcconfig; name = "Pods-marvel-app-swiftuiTests.debug.xcconfig"; path = "Target Support Files/Pods-marvel-app-swiftuiTests/Pods-marvel-app-swiftuiTests.debug.xcconfig"; sourceTree = "<group>"; };
		F33426FA19B98A54661F3D53 /* Pods-marvel-app-swiftuiTests.release.xcconfig */ = {isa = PBXFileReference; includeInIndex = 1; lastKnownFileType = text.xcconfig; name = "Pods-marvel-app-swiftuiTests.release.xcconfig"; path = "Target Support Files/Pods-marvel-app-swiftuiTests/Pods-marvel-app-swiftuiTests.release.xcconfig"; sourceTree = "<group>"; };
/* End PBXFileReference section */

/* Begin PBXFrameworksBuildPhase section */
		DB4CCB27267F5173007C3CF8 /* Frameworks */ = {
			isa = PBXFrameworksBuildPhase;
			buildActionMask = 2147483647;
			files = (
				97BED4F9FCC05DBA3929A1BC /* Pods_marvel_app_swiftui.framework in Frameworks */,
			);
			runOnlyForDeploymentPostprocessing = 0;
		};
		DB4CCB38267F5175007C3CF8 /* Frameworks */ = {
			isa = PBXFrameworksBuildPhase;
			buildActionMask = 2147483647;
			files = (
				1E3F43096DC5EADA8896920A /* Pods_marvel_app_swiftuiTests.framework in Frameworks */,
			);
			runOnlyForDeploymentPostprocessing = 0;
		};
		DB4CCB43267F5175007C3CF8 /* Frameworks */ = {
			isa = PBXFrameworksBuildPhase;
			buildActionMask = 2147483647;
			files = (
			);
			runOnlyForDeploymentPostprocessing = 0;
		};
/* End PBXFrameworksBuildPhase section */

/* Begin PBXGroup section */
		8FB3B5BFB6EAD4FD9E4FB71A /* Frameworks */ = {
			isa = PBXGroup;
			children = (
				B021586AA8F433997B291DC4 /* Pods_marvel_app_swiftui.framework */,
				2844E81979DFF9F5A81E0C19 /* Pods_marvel_app_swiftuiTests.framework */,
			);
			name = Frameworks;
			sourceTree = "<group>";
		};
		DB2A2E38276E13B200ADA2F8 /* Splash */ = {
			isa = PBXGroup;
			children = (
				DB2A2E39276E13D600ADA2F8 /* SplashView.swift */,
			);
			path = Splash;
			sourceTree = "<group>";
		};
		DB2CAD7A276B81DF00723B95 /* ScrollViewOffset */ = {
			isa = PBXGroup;
			children = (
				DB2CAD78276B7CC900723B95 /* ScrollViewOffset.swift */,
			);
			path = ScrollViewOffset;
			sourceTree = "<group>";
		};
		DB4CCB21267F5173007C3CF8 = {
			isa = PBXGroup;
			children = (
				DB4CCB2C267F5173007C3CF8 /* marvel-app-swiftui */,
				DB4CCB3E267F5175007C3CF8 /* marvel-app-swiftuiTests */,
				DB4CCB49267F5175007C3CF8 /* marvel-app-swiftuiUITests */,
				DB4CCB2B267F5173007C3CF8 /* Products */,
				F5EC63296E5C2543D5BDF8FD /* Pods */,
				8FB3B5BFB6EAD4FD9E4FB71A /* Frameworks */,
			);
			sourceTree = "<group>";
		};
		DB4CCB2B267F5173007C3CF8 /* Products */ = {
			isa = PBXGroup;
			children = (
				DB4CCB2A267F5173007C3CF8 /* marvel-app-swiftui.app */,
				DB4CCB3B267F5175007C3CF8 /* marvel-app-swiftuiTests.xctest */,
				DB4CCB46267F5175007C3CF8 /* marvel-app-swiftuiUITests.xctest */,
			);
			name = Products;
			sourceTree = "<group>";
		};
		DB4CCB2C267F5173007C3CF8 /* marvel-app-swiftui */ = {
			isa = PBXGroup;
			children = (
				DB4CCC10267F5E09007C3CF8 /* Presentation */,
				DB4CCB64267F5B3A007C3CF8 /* Config */,
				DB4CCB67267F5B3A007C3CF8 /* Data */,
				DB4CCB80267F5B3A007C3CF8 /* Domain */,
				DB4CCB5B267F5B3A007C3CF8 /* Resources */,
				DB4CCB96267F5B3A007C3CF8 /* Utils */,
				DB4CCB2D267F5173007C3CF8 /* marvel_app_swiftuiApp.swift */,
				DB4CCB33267F5175007C3CF8 /* Preview Content */,
			);
			path = "marvel-app-swiftui";
			sourceTree = "<group>";
		};
		DB4CCB33267F5175007C3CF8 /* Preview Content */ = {
			isa = PBXGroup;
			children = (
				DB4CCB34267F5175007C3CF8 /* Preview Assets.xcassets */,
			);
			path = "Preview Content";
			sourceTree = "<group>";
		};
		DB4CCB3E267F5175007C3CF8 /* marvel-app-swiftuiTests */ = {
			isa = PBXGroup;
			children = (
				DB4CCB3F267F5175007C3CF8 /* marvel_app_swiftuiTests.swift */,
				DB4CCB41267F5175007C3CF8 /* Info.plist */,
			);
			path = "marvel-app-swiftuiTests";
			sourceTree = "<group>";
		};
		DB4CCB49267F5175007C3CF8 /* marvel-app-swiftuiUITests */ = {
			isa = PBXGroup;
			children = (
				DB4CCB4A267F5175007C3CF8 /* marvel_app_swiftuiUITests.swift */,
				DB4CCB4C267F5175007C3CF8 /* Info.plist */,
			);
			path = "marvel-app-swiftuiUITests";
			sourceTree = "<group>";
		};
		DB4CCB5B267F5B3A007C3CF8 /* Resources */ = {
			isa = PBXGroup;
			children = (
				DBAECCA7276E1A7C0076D52B /* Lotties */,
				DB4CCB5C267F5B3A007C3CF8 /* Localizable.strings */,
				DB4CCB5F267F5B3A007C3CF8 /* Assets.xcassets */,
			);
			path = Resources;
			sourceTree = "<group>";
		};
		DB4CCB64267F5B3A007C3CF8 /* Config */ = {
			isa = PBXGroup;
			children = (
				DB4CCC08267F5DFE007C3CF8 /* Info.plist */,
				DB4CCB65267F5B3A007C3CF8 /* Config.plist */,
			);
			path = Config;
			sourceTree = "<group>";
		};
		DB4CCB67267F5B3A007C3CF8 /* Data */ = {
			isa = PBXGroup;
			children = (
				DB4CCB6A267F5B3A007C3CF8 /* Network */,
				DB4CCB7D267F5B3A007C3CF8 /* Repositories */,
				DB4CCB7F267F5B3A007C3CF8 /* PersistentStorages */,
			);
			path = Data;
			sourceTree = "<group>";
		};
		DB4CCB6A267F5B3A007C3CF8 /* Network */ = {
			isa = PBXGroup;
			children = (
				DB4CCB6B267F5B3A007C3CF8 /* DataSources */,
				DB4CCB6D267F5B3A007C3CF8 /* Routers */,
				DB4CCB6F267F5B3A007C3CF8 /* DTOs */,
			);
			path = Network;
			sourceTree = "<group>";
		};
		DB4CCB6B267F5B3A007C3CF8 /* DataSources */ = {
			isa = PBXGroup;
			children = (
				DB4CCB6C267F5B3A007C3CF8 /* CharactersNetworkDataSource.swift */,
			);
			path = DataSources;
			sourceTree = "<group>";
		};
		DB4CCB6D267F5B3A007C3CF8 /* Routers */ = {
			isa = PBXGroup;
			children = (
				DB4CCB6E267F5B3A007C3CF8 /* CharactersRouter.swift */,
			);
			path = Routers;
			sourceTree = "<group>";
		};
		DB4CCB6F267F5B3A007C3CF8 /* DTOs */ = {
			isa = PBXGroup;
			children = (
				DB4CCB70267F5B3A007C3CF8 /* EventSummaryDTO.swift */,
				DB4CCB71267F5B3A007C3CF8 /* CharacterDataWrapperDTO.swift */,
				DB4CCB72267F5B3A007C3CF8 /* UrlDTO.swift */,
				DB4CCB73267F5B3A007C3CF8 /* ComicListDTO.swift */,
				DB4CCB74267F5B3A007C3CF8 /* StorySummaryDTO.swift */,
				DB4CCB75267F5B3A007C3CF8 /* SeriesListDTO.swift */,
				DB4CCB76267F5B3A007C3CF8 /* CharacterDTO.swift */,
				DB4CCB77267F5B3A007C3CF8 /* ImageDTO.swift */,
				DB4CCB78267F5B3A007C3CF8 /* SeriesSummaryDTO.swift */,
				DB4CCB79267F5B3A007C3CF8 /* StoryListDTO.swift */,
				DB4CCB7A267F5B3A007C3CF8 /* EventListDTO.swift */,
				DB4CCB7B267F5B3A007C3CF8 /* ComicSummaryDTO.swift */,
				DB4CCB7C267F5B3A007C3CF8 /* CharacterDataContainerDTO.swift */,
			);
			path = DTOs;
			sourceTree = "<group>";
		};
		DB4CCB7D267F5B3A007C3CF8 /* Repositories */ = {
			isa = PBXGroup;
			children = (
				DB4CCB7E267F5B3A007C3CF8 /* CharactersDataRepository.swift */,
			);
			path = Repositories;
			sourceTree = "<group>";
		};
		DB4CCB7F267F5B3A007C3CF8 /* PersistentStorages */ = {
			isa = PBXGroup;
			children = (
			);
			path = PersistentStorages;
			sourceTree = "<group>";
		};
		DB4CCB80267F5B3A007C3CF8 /* Domain */ = {
			isa = PBXGroup;
			children = (
				DB4CCB81267F5B3A007C3CF8 /* Repositories */,
				DB4CCB83267F5B3A007C3CF8 /* UseCases */,
				DB4CCB86267F5B3A007C3CF8 /* Entities */,
			);
			path = Domain;
			sourceTree = "<group>";
		};
		DB4CCB81267F5B3A007C3CF8 /* Repositories */ = {
			isa = PBXGroup;
			children = (
				DB4CCB82267F5B3A007C3CF8 /* CharactersRepository.swift */,
			);
			path = Repositories;
			sourceTree = "<group>";
		};
		DB4CCB83267F5B3A007C3CF8 /* UseCases */ = {
			isa = PBXGroup;
			children = (
				DB4CCB84267F5B3A007C3CF8 /* GetCharacterWithIdUseCase.swift */,
				DB4CCB85267F5B3A007C3CF8 /* GetCharactersUseCase.swift */,
			);
			path = UseCases;
			sourceTree = "<group>";
		};
		DB4CCB86267F5B3A007C3CF8 /* Entities */ = {
			isa = PBXGroup;
			children = (
				DB4CCB87267F5B3A007C3CF8 /* Filters */,
				DB4CCB89267F5B3A007C3CF8 /* SeriesListEntity.swift */,
				DB4CCB8A267F5B3A007C3CF8 /* SeriesSummaryEntity.swift */,
				DB4CCB8B267F5B3A007C3CF8 /* CharacterDataContainerEntity.swift */,
				DB4CCB8C267F5B3A007C3CF8 /* EventSummaryEntity.swift */,
				DB4CCB8D267F5B3A007C3CF8 /* CharacterDataWrapperEntity.swift */,
				DB4CCB8E267F5B3A007C3CF8 /* ComicListEntity.swift */,
				DB4CCB8F267F5B3A007C3CF8 /* ImageEntity.swift */,
				DB4CCB90267F5B3A007C3CF8 /* CharacterEntity.swift */,
				DB4CCB91267F5B3A007C3CF8 /* EventListEntity.swift */,
				DB4CCB92267F5B3A007C3CF8 /* ComicSummaryEntity.swift */,
				DB4CCB93267F5B3A007C3CF8 /* StoryListEntity.swift */,
				DB4CCB94267F5B3A007C3CF8 /* UrlEntity.swift */,
				DB4CCB95267F5B3A007C3CF8 /* StorySummaryEntity.swift */,
			);
			path = Entities;
			sourceTree = "<group>";
		};
		DB4CCB87267F5B3A007C3CF8 /* Filters */ = {
			isa = PBXGroup;
			children = (
				DB4CCB88267F5B3A007C3CF8 /* CharacterFilterEntity.swift */,
			);
			path = Filters;
			sourceTree = "<group>";
		};
		DB4CCB96267F5B3A007C3CF8 /* Utils */ = {
			isa = PBXGroup;
			children = (
				DB7EB1AA276643CA004C8710 /* UIComponents */,
				DB4CCC47267FB003007C3CF8 /* SwiftUIViews */,
				DB4CCB98267F5B3A007C3CF8 /* Network */,
				DB4CCB9D267F5B3A007C3CF8 /* Extensions */,
				DB4CCBA7267F5B3A007C3CF8 /* UIViews */,
				DB89AEBC2760FBB300C9B5E9 /* Constants.swift */,
				DB4CCBAA267F5B3A007C3CF8 /* Coordinator.swift */,
				DB4CCBAB267F5B3A007C3CF8 /* Configuration.swift */,
				DBF8F162273E74FB0008E357 /* ErrorEntity.swift */,
				DB2A2E36276DFAAD00ADA2F8 /* FontModifier.swift */,
			);
			path = Utils;
			sourceTree = "<group>";
		};
		DB4CCB98267F5B3A007C3CF8 /* Network */ = {
			isa = PBXGroup;
			children = (
				DB4CCB99267F5B3A007C3CF8 /* NetworkManager.swift */,
				DB4CCB9A267F5B3A007C3CF8 /* BaseRouter.swift */,
				DB4CCB9B267F5B3A007C3CF8 /* ImageRouter.swift */,
				DB4CCB9C267F5B3A007C3CF8 /* HTTPStatusCode.swift */,
			);
			path = Network;
			sourceTree = "<group>";
		};
		DB4CCB9D267F5B3A007C3CF8 /* Extensions */ = {
			isa = PBXGroup;
			children = (
				DB4CCB9E267F5B3A007C3CF8 /* String+Localizable.swift */,
				DB4CCB9F267F5B3A007C3CF8 /* String+Crypto.swift */,
				DB4CCBA0267F5B3A007C3CF8 /* UIViewController+Alert.swift */,
				DB4CCBA1267F5B3A007C3CF8 /* Dictionary.swift */,
				DB4CCBA2267F5B3A007C3CF8 /* String+Json.swift */,
				DB89AEBF2760FE1200C9B5E9 /* View+Conditionals.swift */,
			);
			path = Extensions;
			sourceTree = "<group>";
		};
		DB4CCBA7267F5B3A007C3CF8 /* UIViews */ = {
			isa = PBXGroup;
			children = (
				DB4CCBA8267F5B3A007C3CF8 /* CustomUIImageView.swift */,
				DB4CCBA9267F5B3A007C3CF8 /* CustomUIView.swift */,
			);
			path = UIViews;
			sourceTree = "<group>";
		};
		DB4CCC10267F5E09007C3CF8 /* Presentation */ = {
			isa = PBXGroup;
			children = (
				DBAECCAA276E1E590076D52B /* Main */,
				DB2A2E38276E13B200ADA2F8 /* Splash */,
				DB4CCC16267F5E09007C3CF8 /* MarvelList */,
				DB4CCC11267F5E09007C3CF8 /* MarvelDetail */,
			);
			path = Presentation;
			sourceTree = "<group>";
		};
		DB4CCC11267F5E09007C3CF8 /* MarvelDetail */ = {
			isa = PBXGroup;
			children = (
				DB2CAD76276B72F600723B95 /* MarvelDetailView.swift */,
				DB4CCC14267F5E09007C3CF8 /* MarvelDetailViewModel.swift */,
			);
			path = MarvelDetail;
			sourceTree = "<group>";
		};
		DB4CCC16267F5E09007C3CF8 /* MarvelList */ = {
			isa = PBXGroup;
			children = (
				DB7EEEA52746922C00FD5885 /* MarvelListView.swift */,
				DB4CCC1D267F5E09007C3CF8 /* MarvelListViewModel.swift */,
				DB89AEB62760F5AE00C9B5E9 /* MarvelListCellView.swift */,
			);
			path = MarvelList;
			sourceTree = "<group>";
		};
		DB4CCC47267FB003007C3CF8 /* SwiftUIViews */ = {
			isa = PBXGroup;
			children = (
				DB2CAD7A276B81DF00723B95 /* ScrollViewOffset */,
				DB2CAD74276B685B00723B95 /* ImageLoaderView.swift */,
				DB7EEEA72746A8F500FD5885 /* Loader */,
				DB0CC8E9276CD94100669857 /* InfiniteScrollView.swift */,
				DB2A2E34276DF31200ADA2F8 /* AsyncImageView.swift */,
				DB2A2E3B276E171600ADA2F8 /* LottieView.swift */,
			);
			path = SwiftUIViews;
			sourceTree = "<group>";
		};
		DB7EB1AA276643CA004C8710 /* UIComponents */ = {
			isa = PBXGroup;
			children = (
			);
			path = UIComponents;
			sourceTree = "<group>";
		};
		DB7EEEA72746A8F500FD5885 /* Loader */ = {
			isa = PBXGroup;
			children = (
				DB7EEEA82746A90600FD5885 /* LoaderState.swift */,
			);
			path = Loader;
			sourceTree = "<group>";
		};
		DBAECCA7276E1A7C0076D52B /* Lotties */ = {
			isa = PBXGroup;
			children = (
				DBAECCA8276E1A8B0076D52B /* ironMan.json */,
			);
			path = Lotties;
			sourceTree = "<group>";
		};
		DBAECCAA276E1E590076D52B /* Main */ = {
			isa = PBXGroup;
			children = (
				DB4CCB2F267F5173007C3CF8 /* ContentView.swift */,
				DBAECCAB276E1E730076D52B /* MainViewModel.swift */,
			);
			path = Main;
			sourceTree = "<group>";
		};
		F5EC63296E5C2543D5BDF8FD /* Pods */ = {
			isa = PBXGroup;
			children = (
				4FD9B60E948D2102C541323C /* Pods-marvel-app-swiftui.debug.xcconfig */,
				070B27742188587D2B1224BA /* Pods-marvel-app-swiftui.release.xcconfig */,
				EB46A3631991D0685F511116 /* Pods-marvel-app-swiftuiTests.debug.xcconfig */,
				F33426FA19B98A54661F3D53 /* Pods-marvel-app-swiftuiTests.release.xcconfig */,
			);
			path = Pods;
			sourceTree = "<group>";
		};
/* End PBXGroup section */

/* Begin PBXNativeTarget section */
		DB4CCB29267F5173007C3CF8 /* marvel-app-swiftui */ = {
			isa = PBXNativeTarget;
			buildConfigurationList = DB4CCB4F267F5175007C3CF8 /* Build configuration list for PBXNativeTarget "marvel-app-swiftui" */;
			buildPhases = (
				EF5662B91BE752BEAA1FAD08 /* [CP] Check Pods Manifest.lock */,
				DB4CCB26267F5173007C3CF8 /* Sources */,
				DB4CCB27267F5173007C3CF8 /* Frameworks */,
				DB4CCB28267F5173007C3CF8 /* Resources */,
				3B68D288710E7237C9C537F9 /* [CP] Embed Pods Frameworks */,
			);
			buildRules = (
			);
			dependencies = (
			);
			name = "marvel-app-swiftui";
			productName = "marvel-app-swiftui";
			productReference = DB4CCB2A267F5173007C3CF8 /* marvel-app-swiftui.app */;
			productType = "com.apple.product-type.application";
		};
		DB4CCB3A267F5175007C3CF8 /* marvel-app-swiftuiTests */ = {
			isa = PBXNativeTarget;
			buildConfigurationList = DB4CCB52267F5175007C3CF8 /* Build configuration list for PBXNativeTarget "marvel-app-swiftuiTests" */;
			buildPhases = (
				950BC50D67EC4D3769F1399A /* [CP] Check Pods Manifest.lock */,
				DB4CCB37267F5175007C3CF8 /* Sources */,
				DB4CCB38267F5175007C3CF8 /* Frameworks */,
				DB4CCB39267F5175007C3CF8 /* Resources */,
				AFE4E0DE9C6D18DF7CFF7445 /* [CP] Embed Pods Frameworks */,
			);
			buildRules = (
			);
			dependencies = (
				DB4CCB3D267F5175007C3CF8 /* PBXTargetDependency */,
			);
			name = "marvel-app-swiftuiTests";
			productName = "marvel-app-swiftuiTests";
			productReference = DB4CCB3B267F5175007C3CF8 /* marvel-app-swiftuiTests.xctest */;
			productType = "com.apple.product-type.bundle.unit-test";
		};
		DB4CCB45267F5175007C3CF8 /* marvel-app-swiftuiUITests */ = {
			isa = PBXNativeTarget;
			buildConfigurationList = DB4CCB55267F5175007C3CF8 /* Build configuration list for PBXNativeTarget "marvel-app-swiftuiUITests" */;
			buildPhases = (
				DB4CCB42267F5175007C3CF8 /* Sources */,
				DB4CCB43267F5175007C3CF8 /* Frameworks */,
				DB4CCB44267F5175007C3CF8 /* Resources */,
			);
			buildRules = (
			);
			dependencies = (
				DB4CCB48267F5175007C3CF8 /* PBXTargetDependency */,
			);
			name = "marvel-app-swiftuiUITests";
			productName = "marvel-app-swiftuiUITests";
			productReference = DB4CCB46267F5175007C3CF8 /* marvel-app-swiftuiUITests.xctest */;
			productType = "com.apple.product-type.bundle.ui-testing";
		};
/* End PBXNativeTarget section */

/* Begin PBXProject section */
		DB4CCB22267F5173007C3CF8 /* Project object */ = {
			isa = PBXProject;
			attributes = {
				LastSwiftUpdateCheck = 1220;
				LastUpgradeCheck = 1220;
				TargetAttributes = {
					DB4CCB29267F5173007C3CF8 = {
						CreatedOnToolsVersion = 12.2;
					};
					DB4CCB3A267F5175007C3CF8 = {
						CreatedOnToolsVersion = 12.2;
						TestTargetID = DB4CCB29267F5173007C3CF8;
					};
					DB4CCB45267F5175007C3CF8 = {
						CreatedOnToolsVersion = 12.2;
						TestTargetID = DB4CCB29267F5173007C3CF8;
					};
				};
			};
			buildConfigurationList = DB4CCB25267F5173007C3CF8 /* Build configuration list for PBXProject "marvel-app-swiftui" */;
			compatibilityVersion = "Xcode 9.3";
			developmentRegion = en;
			hasScannedForEncodings = 0;
			knownRegions = (
				en,
				Base,
				es,
				fr,
				ca,
			);
			mainGroup = DB4CCB21267F5173007C3CF8;
			productRefGroup = DB4CCB2B267F5173007C3CF8 /* Products */;
			projectDirPath = "";
			projectRoot = "";
			targets = (
				DB4CCB29267F5173007C3CF8 /* marvel-app-swiftui */,
				DB4CCB3A267F5175007C3CF8 /* marvel-app-swiftuiTests */,
				DB4CCB45267F5175007C3CF8 /* marvel-app-swiftuiUITests */,
			);
		};
/* End PBXProject section */

/* Begin PBXResourcesBuildPhase section */
		DB4CCB28267F5173007C3CF8 /* Resources */ = {
			isa = PBXResourcesBuildPhase;
			buildActionMask = 2147483647;
			files = (
				DB4CCB35267F5175007C3CF8 /* Preview Assets.xcassets in Resources */,
				DB4CCBAC267F5B3A007C3CF8 /* Localizable.strings in Resources */,
				DBAECCA9276E1A8B0076D52B /* ironMan.json in Resources */,
				DB4CCBAD267F5B3A007C3CF8 /* Assets.xcassets in Resources */,
				DB4CCBAF267F5B3A007C3CF8 /* Config.plist in Resources */,
			);
			runOnlyForDeploymentPostprocessing = 0;
		};
		DB4CCB39267F5175007C3CF8 /* Resources */ = {
			isa = PBXResourcesBuildPhase;
			buildActionMask = 2147483647;
			files = (
			);
			runOnlyForDeploymentPostprocessing = 0;
		};
		DB4CCB44267F5175007C3CF8 /* Resources */ = {
			isa = PBXResourcesBuildPhase;
			buildActionMask = 2147483647;
			files = (
			);
			runOnlyForDeploymentPostprocessing = 0;
		};
/* End PBXResourcesBuildPhase section */

/* Begin PBXShellScriptBuildPhase section */
		3B68D288710E7237C9C537F9 /* [CP] Embed Pods Frameworks */ = {
			isa = PBXShellScriptBuildPhase;
			buildActionMask = 2147483647;
			files = (
			);
			inputFileListPaths = (
				"${PODS_ROOT}/Target Support Files/Pods-marvel-app-swiftui/Pods-marvel-app-swiftui-frameworks-${CONFIGURATION}-input-files.xcfilelist",
			);
			name = "[CP] Embed Pods Frameworks";
			outputFileListPaths = (
				"${PODS_ROOT}/Target Support Files/Pods-marvel-app-swiftui/Pods-marvel-app-swiftui-frameworks-${CONFIGURATION}-output-files.xcfilelist",
			);
			runOnlyForDeploymentPostprocessing = 0;
			shellPath = /bin/sh;
			shellScript = "\"${PODS_ROOT}/Target Support Files/Pods-marvel-app-swiftui/Pods-marvel-app-swiftui-frameworks.sh\"\n";
			showEnvVarsInLog = 0;
		};
		950BC50D67EC4D3769F1399A /* [CP] Check Pods Manifest.lock */ = {
			isa = PBXShellScriptBuildPhase;
			buildActionMask = 2147483647;
			files = (
			);
			inputFileListPaths = (
			);
			inputPaths = (
				"${PODS_PODFILE_DIR_PATH}/Podfile.lock",
				"${PODS_ROOT}/Manifest.lock",
			);
			name = "[CP] Check Pods Manifest.lock";
			outputFileListPaths = (
			);
			outputPaths = (
				"$(DERIVED_FILE_DIR)/Pods-marvel-app-swiftuiTests-checkManifestLockResult.txt",
			);
			runOnlyForDeploymentPostprocessing = 0;
			shellPath = /bin/sh;
			shellScript = "diff \"${PODS_PODFILE_DIR_PATH}/Podfile.lock\" \"${PODS_ROOT}/Manifest.lock\" > /dev/null\nif [ $? != 0 ] ; then\n    # print error to STDERR\n    echo \"error: The sandbox is not in sync with the Podfile.lock. Run 'pod install' or update your CocoaPods installation.\" >&2\n    exit 1\nfi\n# This output is used by Xcode 'outputs' to avoid re-running this script phase.\necho \"SUCCESS\" > \"${SCRIPT_OUTPUT_FILE_0}\"\n";
			showEnvVarsInLog = 0;
		};
		AFE4E0DE9C6D18DF7CFF7445 /* [CP] Embed Pods Frameworks */ = {
			isa = PBXShellScriptBuildPhase;
			buildActionMask = 2147483647;
			files = (
			);
			inputFileListPaths = (
				"${PODS_ROOT}/Target Support Files/Pods-marvel-app-swiftuiTests/Pods-marvel-app-swiftuiTests-frameworks-${CONFIGURATION}-input-files.xcfilelist",
			);
			name = "[CP] Embed Pods Frameworks";
			outputFileListPaths = (
				"${PODS_ROOT}/Target Support Files/Pods-marvel-app-swiftuiTests/Pods-marvel-app-swiftuiTests-frameworks-${CONFIGURATION}-output-files.xcfilelist",
			);
			runOnlyForDeploymentPostprocessing = 0;
			shellPath = /bin/sh;
			shellScript = "\"${PODS_ROOT}/Target Support Files/Pods-marvel-app-swiftuiTests/Pods-marvel-app-swiftuiTests-frameworks.sh\"\n";
			showEnvVarsInLog = 0;
		};
		EF5662B91BE752BEAA1FAD08 /* [CP] Check Pods Manifest.lock */ = {
			isa = PBXShellScriptBuildPhase;
			buildActionMask = 2147483647;
			files = (
			);
			inputFileListPaths = (
			);
			inputPaths = (
				"${PODS_PODFILE_DIR_PATH}/Podfile.lock",
				"${PODS_ROOT}/Manifest.lock",
			);
			name = "[CP] Check Pods Manifest.lock";
			outputFileListPaths = (
			);
			outputPaths = (
				"$(DERIVED_FILE_DIR)/Pods-marvel-app-swiftui-checkManifestLockResult.txt",
			);
			runOnlyForDeploymentPostprocessing = 0;
			shellPath = /bin/sh;
			shellScript = "diff \"${PODS_PODFILE_DIR_PATH}/Podfile.lock\" \"${PODS_ROOT}/Manifest.lock\" > /dev/null\nif [ $? != 0 ] ; then\n    # print error to STDERR\n    echo \"error: The sandbox is not in sync with the Podfile.lock. Run 'pod install' or update your CocoaPods installation.\" >&2\n    exit 1\nfi\n# This output is used by Xcode 'outputs' to avoid re-running this script phase.\necho \"SUCCESS\" > \"${SCRIPT_OUTPUT_FILE_0}\"\n";
			showEnvVarsInLog = 0;
		};
/* End PBXShellScriptBuildPhase section */

/* Begin PBXSourcesBuildPhase section */
		DB4CCB26267F5173007C3CF8 /* Sources */ = {
			isa = PBXSourcesBuildPhase;
			buildActionMask = 2147483647;
			files = (
				DB4CCBD6267F5B3A007C3CF8 /* ImageRouter.swift in Sources */,
				DB4CCBD4267F5B3A007C3CF8 /* NetworkManager.swift in Sources */,
				DB4CCBBD267F5B3A007C3CF8 /* StoryListDTO.swift in Sources */,
				DB4CCBC2267F5B3A007C3CF8 /* CharactersRepository.swift in Sources */,
				DB4CCC20267F5E09007C3CF8 /* MarvelDetailViewModel.swift in Sources */,
				DBAECCAC276E1E730076D52B /* MainViewModel.swift in Sources */,
				DB7EEEA62746922C00FD5885 /* MarvelListView.swift in Sources */,
				DB4CCBE1267F5B3A007C3CF8 /* CustomUIView.swift in Sources */,
				DB4CCBD0267F5B3A007C3CF8 /* StoryListEntity.swift in Sources */,
				DB4CCBD2267F5B3A007C3CF8 /* StorySummaryEntity.swift in Sources */,
				DB4CCB30267F5173007C3CF8 /* ContentView.swift in Sources */,
				DB4CCBC3267F5B3A007C3CF8 /* GetCharacterWithIdUseCase.swift in Sources */,
				DB4CCBD5267F5B3A007C3CF8 /* BaseRouter.swift in Sources */,
				DB4CCBD1267F5B3A007C3CF8 /* UrlEntity.swift in Sources */,
				DB4CCBBE267F5B3A007C3CF8 /* EventListDTO.swift in Sources */,
				DB2A2E35276DF31200ADA2F8 /* AsyncImageView.swift in Sources */,
				DB4CCBE0267F5B3A007C3CF8 /* CustomUIImageView.swift in Sources */,
				DB4CCBB6267F5B3A007C3CF8 /* UrlDTO.swift in Sources */,
				DB4CCBB4267F5B3A007C3CF8 /* EventSummaryDTO.swift in Sources */,
				DB4CCBC0267F5B3A007C3CF8 /* CharacterDataContainerDTO.swift in Sources */,
				DB4CCBB7267F5B3A007C3CF8 /* ComicListDTO.swift in Sources */,
				DB4CCBDA267F5B3A007C3CF8 /* UIViewController+Alert.swift in Sources */,
				DB89AEBD2760FBB300C9B5E9 /* Constants.swift in Sources */,
				DB4CCBB5267F5B3A007C3CF8 /* CharacterDataWrapperDTO.swift in Sources */,
				DB4CCBE3267F5B3A007C3CF8 /* Configuration.swift in Sources */,
				DB4CCBC7267F5B3A007C3CF8 /* SeriesSummaryEntity.swift in Sources */,
				DB4CCBCE267F5B3A007C3CF8 /* EventListEntity.swift in Sources */,
				DB4CCBC4267F5B3A007C3CF8 /* GetCharactersUseCase.swift in Sources */,
				DB4CCBB3267F5B3A007C3CF8 /* CharactersRouter.swift in Sources */,
				DB0CC8EA276CD94100669857 /* InfiniteScrollView.swift in Sources */,
				DB4CCBD7267F5B3A007C3CF8 /* HTTPStatusCode.swift in Sources */,
				DB89AEB72760F5AE00C9B5E9 /* MarvelListCellView.swift in Sources */,
				DB4CCBDC267F5B3A007C3CF8 /* String+Json.swift in Sources */,
				DB4CCBB9267F5B3A007C3CF8 /* SeriesListDTO.swift in Sources */,
				DB4CCBBF267F5B3A007C3CF8 /* ComicSummaryDTO.swift in Sources */,
				DB4CCBE2267F5B3A007C3CF8 /* Coordinator.swift in Sources */,
				DB4CCBBB267F5B3A007C3CF8 /* ImageDTO.swift in Sources */,
				DB2CAD75276B685C00723B95 /* ImageLoaderView.swift in Sources */,
				DB4CCB2E267F5173007C3CF8 /* marvel_app_swiftuiApp.swift in Sources */,
				DB4CCBC5267F5B3A007C3CF8 /* CharacterFilterEntity.swift in Sources */,
				DB89AEC02760FE1200C9B5E9 /* View+Conditionals.swift in Sources */,
				DBF8F163273E74FB0008E357 /* ErrorEntity.swift in Sources */,
				DB4CCBCC267F5B3A007C3CF8 /* ImageEntity.swift in Sources */,
				DB4CCBBC267F5B3A007C3CF8 /* SeriesSummaryDTO.swift in Sources */,
				DB4CCBC9267F5B3A007C3CF8 /* EventSummaryEntity.swift in Sources */,
				DB4CCBD9267F5B3A007C3CF8 /* String+Crypto.swift in Sources */,
				DB4CCBC1267F5B3A007C3CF8 /* CharactersDataRepository.swift in Sources */,
				DB2CAD79276B7CC900723B95 /* ScrollViewOffset.swift in Sources */,
				DB4CCBCD267F5B3A007C3CF8 /* CharacterEntity.swift in Sources */,
				DB4CCC27267F5E09007C3CF8 /* MarvelListViewModel.swift in Sources */,
				DB2A2E37276DFAAD00ADA2F8 /* FontModifier.swift in Sources */,
				DB2CAD77276B72F600723B95 /* MarvelDetailView.swift in Sources */,
				DB4CCBBA267F5B3A007C3CF8 /* CharacterDTO.swift in Sources */,
				DB4CCBC8267F5B3A007C3CF8 /* CharacterDataContainerEntity.swift in Sources */,
				DB4CCBCA267F5B3A007C3CF8 /* CharacterDataWrapperEntity.swift in Sources */,
				DB4CCBC6267F5B3A007C3CF8 /* SeriesListEntity.swift in Sources */,
				DB2A2E3C276E171600ADA2F8 /* LottieView.swift in Sources */,
				DB4CCBB8267F5B3A007C3CF8 /* StorySummaryDTO.swift in Sources */,
				DB4CCBCF267F5B3A007C3CF8 /* ComicSummaryEntity.swift in Sources */,
				DB4CCBCB267F5B3A007C3CF8 /* ComicListEntity.swift in Sources */,
				DB7EEEA92746A90600FD5885 /* LoaderState.swift in Sources */,
				DB4CCBDB267F5B3A007C3CF8 /* Dictionary.swift in Sources */,
				DB4CCBB2267F5B3A007C3CF8 /* CharactersNetworkDataSource.swift in Sources */,
				DB4CCBD8267F5B3A007C3CF8 /* String+Localizable.swift in Sources */,
				DB2A2E3A276E13D600ADA2F8 /* SplashView.swift in Sources */,
			);
			runOnlyForDeploymentPostprocessing = 0;
		};
		DB4CCB37267F5175007C3CF8 /* Sources */ = {
			isa = PBXSourcesBuildPhase;
			buildActionMask = 2147483647;
			files = (
				DB89AECC2761015A00C9B5E9 /* SeriesSummaryEntity.swift in Sources */,
				DB89AEC72761013A00C9B5E9 /* StoryListEntity.swift in Sources */,
				DB89AEC62761013300C9B5E9 /* ComicSummaryEntity.swift in Sources */,
				DB89AEC2276100FC00C9B5E9 /* CharacterEntity.swift in Sources */,
				DB4CCB40267F5175007C3CF8 /* marvel_app_swiftuiTests.swift in Sources */,
				DB89AEC42761012900C9B5E9 /* ImageEntity.swift in Sources */,
				DB89AEC82761013E00C9B5E9 /* StorySummaryEntity.swift in Sources */,
				DB89AEC32761011900C9B5E9 /* UrlEntity.swift in Sources */,
				DB89AECA2761014500C9B5E9 /* EventSummaryEntity.swift in Sources */,
				DB89AEC92761014200C9B5E9 /* EventListEntity.swift in Sources */,
				DB89AEC52761012E00C9B5E9 /* ComicListEntity.swift in Sources */,
				DB89AEBE2760FBB300C9B5E9 /* Constants.swift in Sources */,
				DB89AEC12760FE1200C9B5E9 /* View+Conditionals.swift in Sources */,
				DB89AECB2761015600C9B5E9 /* SeriesListEntity.swift in Sources */,
			);
			runOnlyForDeploymentPostprocessing = 0;
		};
		DB4CCB42267F5175007C3CF8 /* Sources */ = {
			isa = PBXSourcesBuildPhase;
			buildActionMask = 2147483647;
			files = (
				DB4CCB4B267F5175007C3CF8 /* marvel_app_swiftuiUITests.swift in Sources */,
			);
			runOnlyForDeploymentPostprocessing = 0;
		};
/* End PBXSourcesBuildPhase section */

/* Begin PBXTargetDependency section */
		DB4CCB3D267F5175007C3CF8 /* PBXTargetDependency */ = {
			isa = PBXTargetDependency;
			target = DB4CCB29267F5173007C3CF8 /* marvel-app-swiftui */;
			targetProxy = DB4CCB3C267F5175007C3CF8 /* PBXContainerItemProxy */;
		};
		DB4CCB48267F5175007C3CF8 /* PBXTargetDependency */ = {
			isa = PBXTargetDependency;
			target = DB4CCB29267F5173007C3CF8 /* marvel-app-swiftui */;
			targetProxy = DB4CCB47267F5175007C3CF8 /* PBXContainerItemProxy */;
		};
/* End PBXTargetDependency section */

/* Begin PBXVariantGroup section */
		DB4CCB5C267F5B3A007C3CF8 /* Localizable.strings */ = {
			isa = PBXVariantGroup;
			children = (
				DB4CCB5D267F5B3A007C3CF8 /* en */,
				DB4CCB5E267F5B3A007C3CF8 /* es */,
				DB4CCB62267F5B3A007C3CF8 /* fr */,
				DB4CCB63267F5B3A007C3CF8 /* ca */,
			);
			name = Localizable.strings;
			sourceTree = "<group>";
		};
/* End PBXVariantGroup section */

/* Begin XCBuildConfiguration section */
		DB4CCB4D267F5175007C3CF8 /* Debug */ = {
			isa = XCBuildConfiguration;
			buildSettings = {
				ALWAYS_SEARCH_USER_PATHS = NO;
				CLANG_ANALYZER_NONNULL = YES;
				CLANG_ANALYZER_NUMBER_OBJECT_CONVERSION = YES_AGGRESSIVE;
				CLANG_CXX_LANGUAGE_STANDARD = "gnu++14";
				CLANG_CXX_LIBRARY = "libc++";
				CLANG_ENABLE_MODULES = YES;
				CLANG_ENABLE_OBJC_ARC = YES;
				CLANG_ENABLE_OBJC_WEAK = YES;
				CLANG_WARN_BLOCK_CAPTURE_AUTORELEASING = YES;
				CLANG_WARN_BOOL_CONVERSION = YES;
				CLANG_WARN_COMMA = YES;
				CLANG_WARN_CONSTANT_CONVERSION = YES;
				CLANG_WARN_DEPRECATED_OBJC_IMPLEMENTATIONS = YES;
				CLANG_WARN_DIRECT_OBJC_ISA_USAGE = YES_ERROR;
				CLANG_WARN_DOCUMENTATION_COMMENTS = YES;
				CLANG_WARN_EMPTY_BODY = YES;
				CLANG_WARN_ENUM_CONVERSION = YES;
				CLANG_WARN_INFINITE_RECURSION = YES;
				CLANG_WARN_INT_CONVERSION = YES;
				CLANG_WARN_NON_LITERAL_NULL_CONVERSION = YES;
				CLANG_WARN_OBJC_IMPLICIT_RETAIN_SELF = YES;
				CLANG_WARN_OBJC_LITERAL_CONVERSION = YES;
				CLANG_WARN_OBJC_ROOT_CLASS = YES_ERROR;
				CLANG_WARN_QUOTED_INCLUDE_IN_FRAMEWORK_HEADER = YES;
				CLANG_WARN_RANGE_LOOP_ANALYSIS = YES;
				CLANG_WARN_STRICT_PROTOTYPES = YES;
				CLANG_WARN_SUSPICIOUS_MOVE = YES;
				CLANG_WARN_UNGUARDED_AVAILABILITY = YES_AGGRESSIVE;
				CLANG_WARN_UNREACHABLE_CODE = YES;
				CLANG_WARN__DUPLICATE_METHOD_MATCH = YES;
				COPY_PHASE_STRIP = NO;
				DEBUG_INFORMATION_FORMAT = dwarf;
				ENABLE_STRICT_OBJC_MSGSEND = YES;
				ENABLE_TESTABILITY = YES;
				GCC_C_LANGUAGE_STANDARD = gnu11;
				GCC_DYNAMIC_NO_PIC = NO;
				GCC_NO_COMMON_BLOCKS = YES;
				GCC_OPTIMIZATION_LEVEL = 0;
				GCC_PREPROCESSOR_DEFINITIONS = (
					"DEBUG=1",
					"$(inherited)",
				);
				GCC_WARN_64_TO_32_BIT_CONVERSION = YES;
				GCC_WARN_ABOUT_RETURN_TYPE = YES_ERROR;
				GCC_WARN_UNDECLARED_SELECTOR = YES;
				GCC_WARN_UNINITIALIZED_AUTOS = YES_AGGRESSIVE;
				GCC_WARN_UNUSED_FUNCTION = YES;
				GCC_WARN_UNUSED_VARIABLE = YES;
				IPHONEOS_DEPLOYMENT_TARGET = 14.2;
				MTL_ENABLE_DEBUG_INFO = INCLUDE_SOURCE;
				MTL_FAST_MATH = YES;
				ONLY_ACTIVE_ARCH = YES;
				SDKROOT = iphoneos;
				SWIFT_ACTIVE_COMPILATION_CONDITIONS = DEBUG;
				SWIFT_OPTIMIZATION_LEVEL = "-Onone";
			};
			name = Debug;
		};
		DB4CCB4E267F5175007C3CF8 /* Release */ = {
			isa = XCBuildConfiguration;
			buildSettings = {
				ALWAYS_SEARCH_USER_PATHS = NO;
				CLANG_ANALYZER_NONNULL = YES;
				CLANG_ANALYZER_NUMBER_OBJECT_CONVERSION = YES_AGGRESSIVE;
				CLANG_CXX_LANGUAGE_STANDARD = "gnu++14";
				CLANG_CXX_LIBRARY = "libc++";
				CLANG_ENABLE_MODULES = YES;
				CLANG_ENABLE_OBJC_ARC = YES;
				CLANG_ENABLE_OBJC_WEAK = YES;
				CLANG_WARN_BLOCK_CAPTURE_AUTORELEASING = YES;
				CLANG_WARN_BOOL_CONVERSION = YES;
				CLANG_WARN_COMMA = YES;
				CLANG_WARN_CONSTANT_CONVERSION = YES;
				CLANG_WARN_DEPRECATED_OBJC_IMPLEMENTATIONS = YES;
				CLANG_WARN_DIRECT_OBJC_ISA_USAGE = YES_ERROR;
				CLANG_WARN_DOCUMENTATION_COMMENTS = YES;
				CLANG_WARN_EMPTY_BODY = YES;
				CLANG_WARN_ENUM_CONVERSION = YES;
				CLANG_WARN_INFINITE_RECURSION = YES;
				CLANG_WARN_INT_CONVERSION = YES;
				CLANG_WARN_NON_LITERAL_NULL_CONVERSION = YES;
				CLANG_WARN_OBJC_IMPLICIT_RETAIN_SELF = YES;
				CLANG_WARN_OBJC_LITERAL_CONVERSION = YES;
				CLANG_WARN_OBJC_ROOT_CLASS = YES_ERROR;
				CLANG_WARN_QUOTED_INCLUDE_IN_FRAMEWORK_HEADER = YES;
				CLANG_WARN_RANGE_LOOP_ANALYSIS = YES;
				CLANG_WARN_STRICT_PROTOTYPES = YES;
				CLANG_WARN_SUSPICIOUS_MOVE = YES;
				CLANG_WARN_UNGUARDED_AVAILABILITY = YES_AGGRESSIVE;
				CLANG_WARN_UNREACHABLE_CODE = YES;
				CLANG_WARN__DUPLICATE_METHOD_MATCH = YES;
				COPY_PHASE_STRIP = NO;
				DEBUG_INFORMATION_FORMAT = "dwarf-with-dsym";
				ENABLE_NS_ASSERTIONS = NO;
				ENABLE_STRICT_OBJC_MSGSEND = YES;
				GCC_C_LANGUAGE_STANDARD = gnu11;
				GCC_NO_COMMON_BLOCKS = YES;
				GCC_WARN_64_TO_32_BIT_CONVERSION = YES;
				GCC_WARN_ABOUT_RETURN_TYPE = YES_ERROR;
				GCC_WARN_UNDECLARED_SELECTOR = YES;
				GCC_WARN_UNINITIALIZED_AUTOS = YES_AGGRESSIVE;
				GCC_WARN_UNUSED_FUNCTION = YES;
				GCC_WARN_UNUSED_VARIABLE = YES;
				IPHONEOS_DEPLOYMENT_TARGET = 14.2;
				MTL_ENABLE_DEBUG_INFO = NO;
				MTL_FAST_MATH = YES;
				SDKROOT = iphoneos;
				SWIFT_COMPILATION_MODE = wholemodule;
				SWIFT_OPTIMIZATION_LEVEL = "-O";
				VALIDATE_PRODUCT = YES;
			};
			name = Release;
		};
		DB4CCB50267F5175007C3CF8 /* Debug */ = {
			isa = XCBuildConfiguration;
			baseConfigurationReference = 4FD9B60E948D2102C541323C /* Pods-marvel-app-swiftui.debug.xcconfig */;
			buildSettings = {
				ASSETCATALOG_COMPILER_APPICON_NAME = AppIcon;
				ASSETCATALOG_COMPILER_GLOBAL_ACCENT_COLOR_NAME = AccentColor;
				CODE_SIGN_STYLE = Automatic;
				DEVELOPMENT_ASSET_PATHS = "\"marvel-app-swiftui/Preview Content\"";
				DEVELOPMENT_TEAM = BVS42FY7PX;
				ENABLE_PREVIEWS = YES;
				INFOPLIST_FILE = "marvel-app-swiftui/Config/Info.plist";
				IPHONEOS_DEPLOYMENT_TARGET = 14.0;
				LD_RUNPATH_SEARCH_PATHS = (
					"$(inherited)",
					"@executable_path/Frameworks",
				);
				PRODUCT_BUNDLE_IDENTIFIER = "com.rubenmarquezfernandez.marvel-app-swiftui";
				PRODUCT_NAME = "$(TARGET_NAME)";
				SWIFT_VERSION = 5.0;
				TARGETED_DEVICE_FAMILY = "1,2";
			};
			name = Debug;
		};
		DB4CCB51267F5175007C3CF8 /* Release */ = {
			isa = XCBuildConfiguration;
			baseConfigurationReference = 070B27742188587D2B1224BA /* Pods-marvel-app-swiftui.release.xcconfig */;
			buildSettings = {
				ASSETCATALOG_COMPILER_APPICON_NAME = AppIcon;
				ASSETCATALOG_COMPILER_GLOBAL_ACCENT_COLOR_NAME = AccentColor;
				CODE_SIGN_STYLE = Automatic;
				DEVELOPMENT_ASSET_PATHS = "\"marvel-app-swiftui/Preview Content\"";
				DEVELOPMENT_TEAM = BVS42FY7PX;
				ENABLE_PREVIEWS = YES;
				INFOPLIST_FILE = "marvel-app-swiftui/Config/Info.plist";
				IPHONEOS_DEPLOYMENT_TARGET = 14.0;
				LD_RUNPATH_SEARCH_PATHS = (
					"$(inherited)",
					"@executable_path/Frameworks",
				);
				PRODUCT_BUNDLE_IDENTIFIER = "com.rubenmarquezfernandez.marvel-app-swiftui";
				PRODUCT_NAME = "$(TARGET_NAME)";
				SWIFT_VERSION = 5.0;
				TARGETED_DEVICE_FAMILY = "1,2";
			};
			name = Release;
		};
		DB4CCB53267F5175007C3CF8 /* Debug */ = {
			isa = XCBuildConfiguration;
			baseConfigurationReference = EB46A3631991D0685F511116 /* Pods-marvel-app-swiftuiTests.debug.xcconfig */;
			buildSettings = {
				ALWAYS_EMBED_SWIFT_STANDARD_LIBRARIES = YES;
				BUNDLE_LOADER = "$(TEST_HOST)";
				CODE_SIGN_STYLE = Automatic;
				DEVELOPMENT_TEAM = BVS42FY7PX;
				INFOPLIST_FILE = "marvel-app-swiftuiTests/Info.plist";
				IPHONEOS_DEPLOYMENT_TARGET = 14.0;
				LD_RUNPATH_SEARCH_PATHS = (
					"$(inherited)",
					"@executable_path/Frameworks",
					"@loader_path/Frameworks",
				);
				PRODUCT_BUNDLE_IDENTIFIER = "com.rubenmarquezfernandez.marvel-app-swiftuiTests";
				PRODUCT_NAME = "$(TARGET_NAME)";
				SWIFT_VERSION = 5.0;
				TARGETED_DEVICE_FAMILY = "1,2";
				TEST_HOST = "$(BUILT_PRODUCTS_DIR)/marvel-app-swiftui.app/marvel-app-swiftui";
			};
			name = Debug;
		};
		DB4CCB54267F5175007C3CF8 /* Release */ = {
			isa = XCBuildConfiguration;
			baseConfigurationReference = F33426FA19B98A54661F3D53 /* Pods-marvel-app-swiftuiTests.release.xcconfig */;
			buildSettings = {
				ALWAYS_EMBED_SWIFT_STANDARD_LIBRARIES = YES;
				BUNDLE_LOADER = "$(TEST_HOST)";
				CODE_SIGN_STYLE = Automatic;
				DEVELOPMENT_TEAM = BVS42FY7PX;
				INFOPLIST_FILE = "marvel-app-swiftuiTests/Info.plist";
				IPHONEOS_DEPLOYMENT_TARGET = 14.0;
				LD_RUNPATH_SEARCH_PATHS = (
					"$(inherited)",
					"@executable_path/Frameworks",
					"@loader_path/Frameworks",
				);
				PRODUCT_BUNDLE_IDENTIFIER = "com.rubenmarquezfernandez.marvel-app-swiftuiTests";
				PRODUCT_NAME = "$(TARGET_NAME)";
				SWIFT_VERSION = 5.0;
				TARGETED_DEVICE_FAMILY = "1,2";
				TEST_HOST = "$(BUILT_PRODUCTS_DIR)/marvel-app-swiftui.app/marvel-app-swiftui";
			};
			name = Release;
		};
		DB4CCB56267F5175007C3CF8 /* Debug */ = {
			isa = XCBuildConfiguration;
			buildSettings = {
				ALWAYS_EMBED_SWIFT_STANDARD_LIBRARIES = YES;
				CODE_SIGN_STYLE = Automatic;
				DEVELOPMENT_TEAM = BVS42FY7PX;
				INFOPLIST_FILE = "marvel-app-swiftuiUITests/Info.plist";
				LD_RUNPATH_SEARCH_PATHS = (
					"$(inherited)",
					"@executable_path/Frameworks",
					"@loader_path/Frameworks",
				);
				PRODUCT_BUNDLE_IDENTIFIER = "com.rubenmarquezfernandez.marvel-app-swiftuiUITests";
				PRODUCT_NAME = "$(TARGET_NAME)";
				SWIFT_VERSION = 5.0;
				TARGETED_DEVICE_FAMILY = "1,2";
				TEST_TARGET_NAME = "marvel-app-swiftui";
			};
			name = Debug;
		};
		DB4CCB57267F5175007C3CF8 /* Release */ = {
			isa = XCBuildConfiguration;
			buildSettings = {
				ALWAYS_EMBED_SWIFT_STANDARD_LIBRARIES = YES;
				CODE_SIGN_STYLE = Automatic;
				DEVELOPMENT_TEAM = BVS42FY7PX;
				INFOPLIST_FILE = "marvel-app-swiftuiUITests/Info.plist";
				LD_RUNPATH_SEARCH_PATHS = (
					"$(inherited)",
					"@executable_path/Frameworks",
					"@loader_path/Frameworks",
				);
				PRODUCT_BUNDLE_IDENTIFIER = "com.rubenmarquezfernandez.marvel-app-swiftuiUITests";
				PRODUCT_NAME = "$(TARGET_NAME)";
				SWIFT_VERSION = 5.0;
				TARGETED_DEVICE_FAMILY = "1,2";
				TEST_TARGET_NAME = "marvel-app-swiftui";
			};
			name = Release;
		};
/* End XCBuildConfiguration section */

/* Begin XCConfigurationList section */
		DB4CCB25267F5173007C3CF8 /* Build configuration list for PBXProject "marvel-app-swiftui" */ = {
			isa = XCConfigurationList;
			buildConfigurations = (
				DB4CCB4D267F5175007C3CF8 /* Debug */,
				DB4CCB4E267F5175007C3CF8 /* Release */,
			);
			defaultConfigurationIsVisible = 0;
			defaultConfigurationName = Release;
		};
		DB4CCB4F267F5175007C3CF8 /* Build configuration list for PBXNativeTarget "marvel-app-swiftui" */ = {
			isa = XCConfigurationList;
			buildConfigurations = (
				DB4CCB50267F5175007C3CF8 /* Debug */,
				DB4CCB51267F5175007C3CF8 /* Release */,
			);
			defaultConfigurationIsVisible = 0;
			defaultConfigurationName = Release;
		};
		DB4CCB52267F5175007C3CF8 /* Build configuration list for PBXNativeTarget "marvel-app-swiftuiTests" */ = {
			isa = XCConfigurationList;
			buildConfigurations = (
				DB4CCB53267F5175007C3CF8 /* Debug */,
				DB4CCB54267F5175007C3CF8 /* Release */,
			);
			defaultConfigurationIsVisible = 0;
			defaultConfigurationName = Release;
		};
		DB4CCB55267F5175007C3CF8 /* Build configuration list for PBXNativeTarget "marvel-app-swiftuiUITests" */ = {
			isa = XCConfigurationList;
			buildConfigurations = (
				DB4CCB56267F5175007C3CF8 /* Debug */,
				DB4CCB57267F5175007C3CF8 /* Release */,
			);
			defaultConfigurationIsVisible = 0;
			defaultConfigurationName = Release;
		};
/* End XCConfigurationList section */
	};
	rootObject = DB4CCB22267F5173007C3CF8 /* Project object */;
}
