PODS:
  - Alamofire (4.9.1)
  - AlamofireImage (3.6.0):
    - Alamofire (~> 4.9)
  - AlamofireObjectMapper (5.2.1):
    - Alamofire (~> 4.7)
    - ObjectMapper (~> 3.4)
  - IQKeyboardManagerSwift (6.5.6)
  - Localize-Swift (3.1.0)
  - ObjectMapper (3.5.3)
  - SkeletonView (1.17.2)

DEPENDENCIES:
  - AlamofireImage (~> 3.6.0)
  - AlamofireObjectMapper (~> 5.2.1)
  - IQKeyboardManagerSwift (~> 6.5)
  - Localize-Swift (~> 3.1.0)
  - SkeletonView (~> 1.17.2)

SPEC REPOS:
  https://github.com/CocoaPods/Specs.git:
    - Alamofire
    - AlamofireImage
    - AlamofireObjectMapper
    - IQKeyboardManagerSwift
    - Localize-Swift
    - ObjectMapper
    - SkeletonView

SPEC CHECKSUMS:
  Alamofire: 85e8a02c69d6020a0d734f6054870d7ecb75cf18
  AlamofireImage: be9963c6582d68b39e89191f64c82a7d7bf40fdd
  AlamofireObjectMapper: 1989f690e982b71921b9253f53a4f33a9bc00d88
  IQKeyboardManagerSwift: c7df9d2deb356c04522f5c4b7b6e4ce4d8ed94fe
  Localize-Swift: 4bed4f0ccac8be2ec3517ee359da80ba2adb0fae
  ObjectMapper: 97111c97e054a6ee25917662106689f0b4127b37
  SkeletonView: 7aba21d10df8d0530189379ebe02e02a192d8132

PODFILE CHECKSUM: 66ea925eaa346e19d1eecbfe294943a7fe529213

COCOAPODS: 1.10.0
